// !$*UTF8*$!
{
	archiveVersion = 1;
	classes = {
	};
	objectVersion = 55;
	objects = {

/* Begin PBXBuildFile section */
		DD4D2B142796014D0013CD4F /* TTNewsTests.swift in Sources */ = {isa = PBXBuildFile; fileRef = DD4D2B132796014D0013CD4F /* TTNewsTests.swift */; };
		DD4D2B1B279916A50013CD4F /* Keys.swift in Sources */ = {isa = PBXBuildFile; fileRef = DD4D2B1A279916A50013CD4F /* Keys.swift */; };
		DD4D2B252799DD670013CD4F /* TTNewsUITests.swift in Sources */ = {isa = PBXBuildFile; fileRef = DD4D2B242799DD670013CD4F /* TTNewsUITests.swift */; };
		DD4D2B272799DD670013CD4F /* TTNewsUITestsLaunchTests.swift in Sources */ = {isa = PBXBuildFile; fileRef = DD4D2B262799DD670013CD4F /* TTNewsUITestsLaunchTests.swift */; };
		DD4D2B2E279A62D00013CD4F /* TTNewsMainPageTest.swift in Sources */ = {isa = PBXBuildFile; fileRef = DD4D2B2D279A62D00013CD4F /* TTNewsMainPageTest.swift */; };
		DD4D2B32279A6C810013CD4F /* Constants.swift in Sources */ = {isa = PBXBuildFile; fileRef = DD4D2B31279A6C810013CD4F /* Constants.swift */; };
		DD8D62A1278654F5005C7975 /* NetworkManager.swift in Sources */ = {isa = PBXBuildFile; fileRef = DD8D62A0278654F5005C7975 /* NetworkManager.swift */; };
		DD8D62A3278659C7005C7975 /* TNError.swift in Sources */ = {isa = PBXBuildFile; fileRef = DD8D62A2278659C7005C7975 /* TNError.swift */; };
		DD8D62A52786B528005C7975 /* NewsResponse.swift in Sources */ = {isa = PBXBuildFile; fileRef = DD8D62A42786B528005C7975 /* NewsResponse.swift */; };
		DD8D62A72788FE21005C7975 /* ArticleCell.swift in Sources */ = {isa = PBXBuildFile; fileRef = DD8D62A62788FE21005C7975 /* ArticleCell.swift */; };
		DDC2CE732784D5A000927CF2 /* AppDelegate.swift in Sources */ = {isa = PBXBuildFile; fileRef = DDC2CE722784D5A000927CF2 /* AppDelegate.swift */; };
		DDC2CE752784D5A000927CF2 /* SceneDelegate.swift in Sources */ = {isa = PBXBuildFile; fileRef = DDC2CE742784D5A000927CF2 /* SceneDelegate.swift */; };
		DDC2CE772784D5A000927CF2 /* NewsViewController.swift in Sources */ = {isa = PBXBuildFile; fileRef = DDC2CE762784D5A000927CF2 /* NewsViewController.swift */; };
		DDC2CE7C2784D5A100927CF2 /* Assets.xcassets in Resources */ = {isa = PBXBuildFile; fileRef = DDC2CE7B2784D5A100927CF2 /* Assets.xcassets */; };
		DDC2CE7F2784D5A100927CF2 /* LaunchScreen.storyboard in Resources */ = {isa = PBXBuildFile; fileRef = DDC2CE7D2784D5A100927CF2 /* LaunchScreen.storyboard */; };
		DDC2CE872784F96800927CF2 /* TTNewsTabBarController.swift in Sources */ = {isa = PBXBuildFile; fileRef = DDC2CE862784F96800927CF2 /* TTNewsTabBarController.swift */; };
		DDC2CE892785064500927CF2 /* UIView+Ext.swift in Sources */ = {isa = PBXBuildFile; fileRef = DDC2CE882785064500927CF2 /* UIView+Ext.swift */; };
		DDF5E4CA278B7EDB00F5BB46 /* String+Ext.swift in Sources */ = {isa = PBXBuildFile; fileRef = DDF5E4C9278B7EDB00F5BB46 /* String+Ext.swift */; };
		DDF5E4CC278CF46500F5BB46 /* ArticleViewController.swift in Sources */ = {isa = PBXBuildFile; fileRef = DDF5E4CB278CF46500F5BB46 /* ArticleViewController.swift */; };
		DDF5E4D2278F61A600F5BB46 /* SelectionButtonsView.swift in Sources */ = {isa = PBXBuildFile; fileRef = DDF5E4D1278F61A600F5BB46 /* SelectionButtonsView.swift */; };
		DDF5E4D4278F62FE00F5BB46 /* SettingsViewController.swift in Sources */ = {isa = PBXBuildFile; fileRef = DDF5E4D3278F62FE00F5BB46 /* SettingsViewController.swift */; };
/* End PBXBuildFile section */

/* Begin PBXContainerItemProxy section */
		DD4D2B152796014D0013CD4F /* PBXContainerItemProxy */ = {
			isa = PBXContainerItemProxy;
			containerPortal = DDC2CE672784D5A000927CF2 /* Project object */;
			proxyType = 1;
			remoteGlobalIDString = DDC2CE6E2784D5A000927CF2;
			remoteInfo = TTNews;
		};
		DD4D2B282799DD670013CD4F /* PBXContainerItemProxy */ = {
			isa = PBXContainerItemProxy;
			containerPortal = DDC2CE672784D5A000927CF2 /* Project object */;
			proxyType = 1;
			remoteGlobalIDString = DDC2CE6E2784D5A000927CF2;
			remoteInfo = TTNews;
		};
/* End PBXContainerItemProxy section */

/* Begin PBXFileReference section */
		DD4D2B112796014D0013CD4F /* TTNewsTests.xctest */ = {isa = PBXFileReference; explicitFileType = wrapper.cfbundle; includeInIndex = 0; path = TTNewsTests.xctest; sourceTree = BUILT_PRODUCTS_DIR; };
		DD4D2B132796014D0013CD4F /* TTNewsTests.swift */ = {isa = PBXFileReference; lastKnownFileType = sourcecode.swift; path = TTNewsTests.swift; sourceTree = "<group>"; };
		DD4D2B1A279916A50013CD4F /* Keys.swift */ = {isa = PBXFileReference; lastKnownFileType = sourcecode.swift; path = Keys.swift; sourceTree = "<group>"; };
		DD4D2B222799DD670013CD4F /* TTNewsUITests.xctest */ = {isa = PBXFileReference; explicitFileType = wrapper.cfbundle; includeInIndex = 0; path = TTNewsUITests.xctest; sourceTree = BUILT_PRODUCTS_DIR; };
		DD4D2B242799DD670013CD4F /* TTNewsUITests.swift */ = {isa = PBXFileReference; lastKnownFileType = sourcecode.swift; path = TTNewsUITests.swift; sourceTree = "<group>"; };
		DD4D2B262799DD670013CD4F /* TTNewsUITestsLaunchTests.swift */ = {isa = PBXFileReference; lastKnownFileType = sourcecode.swift; path = TTNewsUITestsLaunchTests.swift; sourceTree = "<group>"; };
		DD4D2B2D279A62D00013CD4F /* TTNewsMainPageTest.swift */ = {isa = PBXFileReference; lastKnownFileType = sourcecode.swift; path = TTNewsMainPageTest.swift; sourceTree = "<group>"; };
		DD4D2B31279A6C810013CD4F /* Constants.swift */ = {isa = PBXFileReference; lastKnownFileType = sourcecode.swift; path = Constants.swift; sourceTree = "<group>"; };
		DD8D62A0278654F5005C7975 /* NetworkManager.swift */ = {isa = PBXFileReference; lastKnownFileType = sourcecode.swift; path = NetworkManager.swift; sourceTree = "<group>"; };
		DD8D62A2278659C7005C7975 /* TNError.swift */ = {isa = PBXFileReference; lastKnownFileType = sourcecode.swift; path = TNError.swift; sourceTree = "<group>"; };
		DD8D62A42786B528005C7975 /* NewsResponse.swift */ = {isa = PBXFileReference; lastKnownFileType = sourcecode.swift; path = NewsResponse.swift; sourceTree = "<group>"; };
		DD8D62A62788FE21005C7975 /* ArticleCell.swift */ = {isa = PBXFileReference; lastKnownFileType = sourcecode.swift; path = ArticleCell.swift; sourceTree = "<group>"; };
		DDC2CE6F2784D5A000927CF2 /* TTNews.app */ = {isa = PBXFileReference; explicitFileType = wrapper.application; includeInIndex = 0; path = TTNews.app; sourceTree = BUILT_PRODUCTS_DIR; };
		DDC2CE722784D5A000927CF2 /* AppDelegate.swift */ = {isa = PBXFileReference; lastKnownFileType = sourcecode.swift; path = AppDelegate.swift; sourceTree = "<group>"; };
		DDC2CE742784D5A000927CF2 /* SceneDelegate.swift */ = {isa = PBXFileReference; lastKnownFileType = sourcecode.swift; path = SceneDelegate.swift; sourceTree = "<group>"; };
		DDC2CE762784D5A000927CF2 /* NewsViewController.swift */ = {isa = PBXFileReference; lastKnownFileType = sourcecode.swift; path = NewsViewController.swift; sourceTree = "<group>"; };
		DDC2CE7B2784D5A100927CF2 /* Assets.xcassets */ = {isa = PBXFileReference; lastKnownFileType = folder.assetcatalog; path = Assets.xcassets; sourceTree = "<group>"; };
		DDC2CE7E2784D5A100927CF2 /* Base */ = {isa = PBXFileReference; lastKnownFileType = file.storyboard; name = Base; path = Base.lproj/LaunchScreen.storyboard; sourceTree = "<group>"; };
		DDC2CE802784D5A100927CF2 /* Info.plist */ = {isa = PBXFileReference; lastKnownFileType = text.plist.xml; path = Info.plist; sourceTree = "<group>"; };
		DDC2CE862784F96800927CF2 /* TTNewsTabBarController.swift */ = {isa = PBXFileReference; lastKnownFileType = sourcecode.swift; path = TTNewsTabBarController.swift; sourceTree = "<group>"; };
		DDC2CE882785064500927CF2 /* UIView+Ext.swift */ = {isa = PBXFileReference; fileEncoding = 4; lastKnownFileType = sourcecode.swift; path = "UIView+Ext.swift"; sourceTree = "<group>"; };
		DDF5E4C9278B7EDB00F5BB46 /* String+Ext.swift */ = {isa = PBXFileReference; lastKnownFileType = sourcecode.swift; path = "String+Ext.swift"; sourceTree = "<group>"; };
		DDF5E4CB278CF46500F5BB46 /* ArticleViewController.swift */ = {isa = PBXFileReference; lastKnownFileType = sourcecode.swift; path = ArticleViewController.swift; sourceTree = "<group>"; };
		DDF5E4D1278F61A600F5BB46 /* SelectionButtonsView.swift */ = {isa = PBXFileReference; lastKnownFileType = sourcecode.swift; path = SelectionButtonsView.swift; sourceTree = "<group>"; };
		DDF5E4D3278F62FE00F5BB46 /* SettingsViewController.swift */ = {isa = PBXFileReference; lastKnownFileType = sourcecode.swift; path = SettingsViewController.swift; sourceTree = "<group>"; };
/* End PBXFileReference section */

/* Begin PBXFrameworksBuildPhase section */
		DD4D2B0E2796014D0013CD4F /* Frameworks */ = {
			isa = PBXFrameworksBuildPhase;
			buildActionMask = 2147483647;
			files = (
			);
			runOnlyForDeploymentPostprocessing = 0;
		};
		DD4D2B1F2799DD670013CD4F /* Frameworks */ = {
			isa = PBXFrameworksBuildPhase;
			buildActionMask = 2147483647;
			files = (
			);
			runOnlyForDeploymentPostprocessing = 0;
		};
		DDC2CE6C2784D5A000927CF2 /* Frameworks */ = {
			isa = PBXFrameworksBuildPhase;
			buildActionMask = 2147483647;
			files = (
			);
			runOnlyForDeploymentPostprocessing = 0;
		};
/* End PBXFrameworksBuildPhase section */

/* Begin PBXGroup section */
		DD4D2B122796014D0013CD4F /* TTNewsTests */ = {
			isa = PBXGroup;
			children = (
				DD4D2B132796014D0013CD4F /* TTNewsTests.swift */,
				DD4D2B2D279A62D00013CD4F /* TTNewsMainPageTest.swift */,
			);
			path = TTNewsTests;
			sourceTree = "<group>";
		};
		DD4D2B1C2799DA830013CD4F /* Model */ = {
			isa = PBXGroup;
			children = (
				DD8D62A42786B528005C7975 /* NewsResponse.swift */,
			);
			path = Model;
			sourceTree = "<group>";
		};
		DD4D2B1D2799DA920013CD4F /* Custom Views */ = {
			isa = PBXGroup;
			children = (
				DDC2CE862784F96800927CF2 /* TTNewsTabBarController.swift */,
				DD8D62A62788FE21005C7975 /* ArticleCell.swift */,
				DDF5E4D1278F61A600F5BB46 /* SelectionButtonsView.swift */,
			);
			path = "Custom Views";
			sourceTree = "<group>";
		};
		DD4D2B232799DD670013CD4F /* TTNewsUITests */ = {
			isa = PBXGroup;
			children = (
				DD4D2B242799DD670013CD4F /* TTNewsUITests.swift */,
				DD4D2B262799DD670013CD4F /* TTNewsUITestsLaunchTests.swift */,
			);
			path = TTNewsUITests;
			sourceTree = "<group>";
		};
		DDC2CE662784D5A000927CF2 = {
			isa = PBXGroup;
			children = (
				DDC2CE712784D5A000927CF2 /* TTNews */,
				DD4D2B122796014D0013CD4F /* TTNewsTests */,
				DD4D2B232799DD670013CD4F /* TTNewsUITests */,
				DDC2CE702784D5A000927CF2 /* Products */,
			);
			sourceTree = "<group>";
		};
		DDC2CE702784D5A000927CF2 /* Products */ = {
			isa = PBXGroup;
			children = (
				DDC2CE6F2784D5A000927CF2 /* TTNews.app */,
				DD4D2B112796014D0013CD4F /* TTNewsTests.xctest */,
				DD4D2B222799DD670013CD4F /* TTNewsUITests.xctest */,
			);
			name = Products;
			sourceTree = "<group>";
		};
		DDC2CE712784D5A000927CF2 /* TTNews */ = {
			isa = PBXGroup;
			children = (
				DD4D2B1D2799DA920013CD4F /* Custom Views */,
				DD4D2B1C2799DA830013CD4F /* Model */,
				DDF5E4C8278A572D00F5BB46 /* Extensions */,
				DDF5E4CF278E5B7600F5BB46 /* Screens */,
				DDF5E4D0278E5BC000F5BB46 /* Support */,
				DDC2CE802784D5A100927CF2 /* Info.plist */,
				DD8D62A0278654F5005C7975 /* NetworkManager.swift */,
				DD8D62A2278659C7005C7975 /* TNError.swift */,
				DD4D2B1A279916A50013CD4F /* Keys.swift */,
				DD4D2B31279A6C810013CD4F /* Constants.swift */,
			);
			path = TTNews;
			sourceTree = "<group>";
		};
		DDF5E4C8278A572D00F5BB46 /* Extensions */ = {
			isa = PBXGroup;
			children = (
				DDC2CE882785064500927CF2 /* UIView+Ext.swift */,
				DDF5E4C9278B7EDB00F5BB46 /* String+Ext.swift */,
			);
			path = Extensions;
			sourceTree = "<group>";
		};
		DDF5E4CF278E5B7600F5BB46 /* Screens */ = {
			isa = PBXGroup;
			children = (
				DDC2CE762784D5A000927CF2 /* NewsViewController.swift */,
				DDF5E4CB278CF46500F5BB46 /* ArticleViewController.swift */,
				DDF5E4D3278F62FE00F5BB46 /* SettingsViewController.swift */,
			);
			path = Screens;
			sourceTree = "<group>";
		};
		DDF5E4D0278E5BC000F5BB46 /* Support */ = {
			isa = PBXGroup;
			children = (
				DDC2CE722784D5A000927CF2 /* AppDelegate.swift */,
				DDC2CE742784D5A000927CF2 /* SceneDelegate.swift */,
				DDC2CE7B2784D5A100927CF2 /* Assets.xcassets */,
				DDC2CE7D2784D5A100927CF2 /* LaunchScreen.storyboard */,
			);
			path = Support;
			sourceTree = "<group>";
		};
/* End PBXGroup section */

/* Begin PBXNativeTarget section */
		DD4D2B102796014D0013CD4F /* TTNewsTests */ = {
			isa = PBXNativeTarget;
			buildConfigurationList = DD4D2B192796014D0013CD4F /* Build configuration list for PBXNativeTarget "TTNewsTests" */;
			buildPhases = (
				DD4D2B0D2796014D0013CD4F /* Sources */,
				DD4D2B0E2796014D0013CD4F /* Frameworks */,
				DD4D2B0F2796014D0013CD4F /* Resources */,
			);
			buildRules = (
			);
			dependencies = (
				DD4D2B162796014D0013CD4F /* PBXTargetDependency */,
			);
			name = TTNewsTests;
			productName = TTNewsTests;
			productReference = DD4D2B112796014D0013CD4F /* TTNewsTests.xctest */;
			productType = "com.apple.product-type.bundle.unit-test";
		};
		DD4D2B212799DD670013CD4F /* TTNewsUITests */ = {
			isa = PBXNativeTarget;
			buildConfigurationList = DD4D2B2A2799DD670013CD4F /* Build configuration list for PBXNativeTarget "TTNewsUITests" */;
			buildPhases = (
				DD4D2B1E2799DD670013CD4F /* Sources */,
				DD4D2B1F2799DD670013CD4F /* Frameworks */,
				DD4D2B202799DD670013CD4F /* Resources */,
			);
			buildRules = (
			);
			dependencies = (
				DD4D2B292799DD670013CD4F /* PBXTargetDependency */,
			);
			name = TTNewsUITests;
			productName = TTNewsUITests;
			productReference = DD4D2B222799DD670013CD4F /* TTNewsUITests.xctest */;
			productType = "com.apple.product-type.bundle.ui-testing";
		};
		DDC2CE6E2784D5A000927CF2 /* TTNews */ = {
			isa = PBXNativeTarget;
			buildConfigurationList = DDC2CE832784D5A100927CF2 /* Build configuration list for PBXNativeTarget "TTNews" */;
			buildPhases = (
				DDC2CE6B2784D5A000927CF2 /* Sources */,
				DDC2CE6C2784D5A000927CF2 /* Frameworks */,
				DDC2CE6D2784D5A000927CF2 /* Resources */,
			);
			buildRules = (
			);
			dependencies = (
			);
			name = TTNews;
			productName = TTNews;
			productReference = DDC2CE6F2784D5A000927CF2 /* TTNews.app */;
			productType = "com.apple.product-type.application";
		};
/* End PBXNativeTarget section */

/* Begin PBXProject section */
		DDC2CE672784D5A000927CF2 /* Project object */ = {
			isa = PBXProject;
			attributes = {
				BuildIndependentTargetsInParallel = 1;
				LastSwiftUpdateCheck = 1320;
				LastUpgradeCheck = 1320;
				TargetAttributes = {
					DD4D2B102796014D0013CD4F = {
						CreatedOnToolsVersion = 13.2.1;
						TestTargetID = DDC2CE6E2784D5A000927CF2;
					};
					DD4D2B212799DD670013CD4F = {
						CreatedOnToolsVersion = 13.2.1;
						TestTargetID = DDC2CE6E2784D5A000927CF2;
					};
					DDC2CE6E2784D5A000927CF2 = {
						CreatedOnToolsVersion = 13.2.1;
					};
				};
			};
			buildConfigurationList = DDC2CE6A2784D5A000927CF2 /* Build configuration list for PBXProject "TTNews" */;
			compatibilityVersion = "Xcode 13.0";
			developmentRegion = en;
			hasScannedForEncodings = 0;
			knownRegions = (
				en,
				Base,
			);
			mainGroup = DDC2CE662784D5A000927CF2;
			productRefGroup = DDC2CE702784D5A000927CF2 /* Products */;
			projectDirPath = "";
			projectRoot = "";
			targets = (
				DDC2CE6E2784D5A000927CF2 /* TTNews */,
				DD4D2B102796014D0013CD4F /* TTNewsTests */,
				DD4D2B212799DD670013CD4F /* TTNewsUITests */,
			);
		};
/* End PBXProject section */

/* Begin PBXResourcesBuildPhase section */
		DD4D2B0F2796014D0013CD4F /* Resources */ = {
			isa = PBXResourcesBuildPhase;
			buildActionMask = 2147483647;
			files = (
			);
			runOnlyForDeploymentPostprocessing = 0;
		};
		DD4D2B202799DD670013CD4F /* Resources */ = {
			isa = PBXResourcesBuildPhase;
			buildActionMask = 2147483647;
			files = (
			);
			runOnlyForDeploymentPostprocessing = 0;
		};
		DDC2CE6D2784D5A000927CF2 /* Resources */ = {
			isa = PBXResourcesBuildPhase;
			buildActionMask = 2147483647;
			files = (
				DDC2CE7F2784D5A100927CF2 /* LaunchScreen.storyboard in Resources */,
				DDC2CE7C2784D5A100927CF2 /* Assets.xcassets in Resources */,
			);
			runOnlyForDeploymentPostprocessing = 0;
		};
/* End PBXResourcesBuildPhase section */

/* Begin PBXSourcesBuildPhase section */
		DD4D2B0D2796014D0013CD4F /* Sources */ = {
			isa = PBXSourcesBuildPhase;
			buildActionMask = 2147483647;
			files = (
				DD4D2B2E279A62D00013CD4F /* TTNewsMainPageTest.swift in Sources */,
				DD4D2B142796014D0013CD4F /* TTNewsTests.swift in Sources */,
			);
			runOnlyForDeploymentPostprocessing = 0;
		};
		DD4D2B1E2799DD670013CD4F /* Sources */ = {
			isa = PBXSourcesBuildPhase;
			buildActionMask = 2147483647;
			files = (
				DD4D2B252799DD670013CD4F /* TTNewsUITests.swift in Sources */,
				DD4D2B272799DD670013CD4F /* TTNewsUITestsLaunchTests.swift in Sources */,
			);
			runOnlyForDeploymentPostprocessing = 0;
		};
		DDC2CE6B2784D5A000927CF2 /* Sources */ = {
			isa = PBXSourcesBuildPhase;
			buildActionMask = 2147483647;
			files = (
				DD8D62A52786B528005C7975 /* NewsResponse.swift in Sources */,
				DD8D62A1278654F5005C7975 /* NetworkManager.swift in Sources */,
				DDC2CE772784D5A000927CF2 /* NewsViewController.swift in Sources */,
				DD8D62A72788FE21005C7975 /* ArticleCell.swift in Sources */,
				DDF5E4CA278B7EDB00F5BB46 /* String+Ext.swift in Sources */,
				DD4D2B32279A6C810013CD4F /* Constants.swift in Sources */,
				DDF5E4D2278F61A600F5BB46 /* SelectionButtonsView.swift in Sources */,
				DD8D62A3278659C7005C7975 /* TNError.swift in Sources */,
				DDC2CE872784F96800927CF2 /* TTNewsTabBarController.swift in Sources */,
				DDF5E4D4278F62FE00F5BB46 /* SettingsViewController.swift in Sources */,
				DDC2CE892785064500927CF2 /* UIView+Ext.swift in Sources */,
				DDF5E4CC278CF46500F5BB46 /* ArticleViewController.swift in Sources */,
				DD4D2B1B279916A50013CD4F /* Keys.swift in Sources */,
				DDC2CE732784D5A000927CF2 /* AppDelegate.swift in Sources */,
				DDC2CE752784D5A000927CF2 /* SceneDelegate.swift in Sources */,
			);
			runOnlyForDeploymentPostprocessing = 0;
		};
/* End PBXSourcesBuildPhase section */

/* Begin PBXTargetDependency section */
		DD4D2B162796014D0013CD4F /* PBXTargetDependency */ = {
			isa = PBXTargetDependency;
			target = DDC2CE6E2784D5A000927CF2 /* TTNews */;
			targetProxy = DD4D2B152796014D0013CD4F /* PBXContainerItemProxy */;
		};
		DD4D2B292799DD670013CD4F /* PBXTargetDependency */ = {
			isa = PBXTargetDependency;
			target = DDC2CE6E2784D5A000927CF2 /* TTNews */;
			targetProxy = DD4D2B282799DD670013CD4F /* PBXContainerItemProxy */;
		};
/* End PBXTargetDependency section */

/* Begin PBXVariantGroup section */
		DDC2CE7D2784D5A100927CF2 /* LaunchScreen.storyboard */ = {
			isa = PBXVariantGroup;
			children = (
				DDC2CE7E2784D5A100927CF2 /* Base */,
			);
			name = LaunchScreen.storyboard;
			sourceTree = "<group>";
		};
/* End PBXVariantGroup section */

/* Begin XCBuildConfiguration section */
		DD4D2B172796014D0013CD4F /* Debug */ = {
			isa = XCBuildConfiguration;
			buildSettings = {
				BUNDLE_LOADER = "$(TEST_HOST)";
				CODE_SIGN_STYLE = Automatic;
				CURRENT_PROJECT_VERSION = 1;
				DEVELOPMENT_TEAM = AGJLHCK49T;
				GENERATE_INFOPLIST_FILE = YES;
				MARKETING_VERSION = 1.0;
				PRODUCT_BUNDLE_IDENTIFIER = com.mengyuchung.TTNewsTests;
				PRODUCT_NAME = "$(TARGET_NAME)";
				SWIFT_EMIT_LOC_STRINGS = NO;
				SWIFT_VERSION = 5.0;
				TARGETED_DEVICE_FAMILY = "1,2";
				TEST_HOST = "$(BUILT_PRODUCTS_DIR)/TTNews.app/TTNews";
			};
			name = Debug;
		};
		DD4D2B182796014D0013CD4F /* Release */ = {
			isa = XCBuildConfiguration;
			buildSettings = {
				BUNDLE_LOADER = "$(TEST_HOST)";
				CODE_SIGN_STYLE = Automatic;
				CURRENT_PROJECT_VERSION = 1;
				DEVELOPMENT_TEAM = AGJLHCK49T;
				GENERATE_INFOPLIST_FILE = YES;
				MARKETING_VERSION = 1.0;
				PRODUCT_BUNDLE_IDENTIFIER = com.mengyuchung.TTNewsTests;
				PRODUCT_NAME = "$(TARGET_NAME)";
				SWIFT_EMIT_LOC_STRINGS = NO;
				SWIFT_VERSION = 5.0;
				TARGETED_DEVICE_FAMILY = "1,2";
				TEST_HOST = "$(BUILT_PRODUCTS_DIR)/TTNews.app/TTNews";
			};
			name = Release;
		};
		DD4D2B2B2799DD670013CD4F /* Debug */ = {
			isa = XCBuildConfiguration;
			buildSettings = {
				CODE_SIGN_STYLE = Automatic;
				CURRENT_PROJECT_VERSION = 1;
				DEVELOPMENT_TEAM = AGJLHCK49T;
				GENERATE_INFOPLIST_FILE = YES;
				MARKETING_VERSION = 1.0;
				PRODUCT_BUNDLE_IDENTIFIER = com.mengyuchung.TTNewsUITests;
				PRODUCT_NAME = "$(TARGET_NAME)";
				SWIFT_EMIT_LOC_STRINGS = NO;
				SWIFT_VERSION = 5.0;
				TARGETED_DEVICE_FAMILY = "1,2";
				TEST_TARGET_NAME = TTNews;
			};
			name = Debug;
		};
		DD4D2B2C2799DD670013CD4F /* Release */ = {
			isa = XCBuildConfiguration;
			buildSettings = {
				CODE_SIGN_STYLE = Automatic;
				CURRENT_PROJECT_VERSION = 1;
				DEVELOPMENT_TEAM = AGJLHCK49T;
				GENERATE_INFOPLIST_FILE = YES;
				MARKETING_VERSION = 1.0;
				PRODUCT_BUNDLE_IDENTIFIER = com.mengyuchung.TTNewsUITests;
				PRODUCT_NAME = "$(TARGET_NAME)";
				SWIFT_EMIT_LOC_STRINGS = NO;
				SWIFT_VERSION = 5.0;
				TARGETED_DEVICE_FAMILY = "1,2";
				TEST_TARGET_NAME = TTNews;
			};
			name = Release;
		};
		DDC2CE812784D5A100927CF2 /* Debug */ = {
			isa = XCBuildConfiguration;
			buildSettings = {
				ALWAYS_SEARCH_USER_PATHS = NO;
				CLANG_ANALYZER_NONNULL = YES;
				CLANG_ANALYZER_NUMBER_OBJECT_CONVERSION = YES_AGGRESSIVE;
				CLANG_CXX_LANGUAGE_STANDARD = "gnu++17";
				CLANG_CXX_LIBRARY = "libc++";
				CLANG_ENABLE_MODULES = YES;
				CLANG_ENABLE_OBJC_ARC = YES;
				CLANG_ENABLE_OBJC_WEAK = YES;
				CLANG_WARN_BLOCK_CAPTURE_AUTORELEASING = YES;
				CLANG_WARN_BOOL_CONVERSION = YES;
				CLANG_WARN_COMMA = YES;
				CLANG_WARN_CONSTANT_CONVERSION = YES;
				CLANG_WARN_DEPRECATED_OBJC_IMPLEMENTATIONS = YES;
				CLANG_WARN_DIRECT_OBJC_ISA_USAGE = YES_ERROR;
				CLANG_WARN_DOCUMENTATION_COMMENTS = YES;
				CLANG_WARN_EMPTY_BODY = YES;
				CLANG_WARN_ENUM_CONVERSION = YES;
				CLANG_WARN_INFINITE_RECURSION = YES;
				CLANG_WARN_INT_CONVERSION = YES;
				CLANG_WARN_NON_LITERAL_NULL_CONVERSION = YES;
				CLANG_WARN_OBJC_IMPLICIT_RETAIN_SELF = YES;
				CLANG_WARN_OBJC_LITERAL_CONVERSION = YES;
				CLANG_WARN_OBJC_ROOT_CLASS = YES_ERROR;
				CLANG_WARN_QUOTED_INCLUDE_IN_FRAMEWORK_HEADER = YES;
				CLANG_WARN_RANGE_LOOP_ANALYSIS = YES;
				CLANG_WARN_STRICT_PROTOTYPES = YES;
				CLANG_WARN_SUSPICIOUS_MOVE = YES;
				CLANG_WARN_UNGUARDED_AVAILABILITY = YES_AGGRESSIVE;
				CLANG_WARN_UNREACHABLE_CODE = YES;
				CLANG_WARN__DUPLICATE_METHOD_MATCH = YES;
				COPY_PHASE_STRIP = NO;
				DEBUG_INFORMATION_FORMAT = dwarf;
				ENABLE_STRICT_OBJC_MSGSEND = YES;
				ENABLE_TESTABILITY = YES;
				GCC_C_LANGUAGE_STANDARD = gnu11;
				GCC_DYNAMIC_NO_PIC = NO;
				GCC_NO_COMMON_BLOCKS = YES;
				GCC_OPTIMIZATION_LEVEL = 0;
				GCC_PREPROCESSOR_DEFINITIONS = (
					"DEBUG=1",
					"$(inherited)",
				);
				GCC_WARN_64_TO_32_BIT_CONVERSION = YES;
				GCC_WARN_ABOUT_RETURN_TYPE = YES_ERROR;
				GCC_WARN_UNDECLARED_SELECTOR = YES;
				GCC_WARN_UNINITIALIZED_AUTOS = YES_AGGRESSIVE;
				GCC_WARN_UNUSED_FUNCTION = YES;
				GCC_WARN_UNUSED_VARIABLE = YES;
				IPHONEOS_DEPLOYMENT_TARGET = 15.2;
				MTL_ENABLE_DEBUG_INFO = INCLUDE_SOURCE;
				MTL_FAST_MATH = YES;
				ONLY_ACTIVE_ARCH = YES;
				SDKROOT = iphoneos;
				SWIFT_ACTIVE_COMPILATION_CONDITIONS = DEBUG;
				SWIFT_OPTIMIZATION_LEVEL = "-Onone";
			};
			name = Debug;
		};
		DDC2CE822784D5A100927CF2 /* Release */ = {
			isa = XCBuildConfiguration;
			buildSettings = {
				ALWAYS_SEARCH_USER_PATHS = NO;
				CLANG_ANALYZER_NONNULL = YES;
				CLANG_ANALYZER_NUMBER_OBJECT_CONVERSION = YES_AGGRESSIVE;
				CLANG_CXX_LANGUAGE_STANDARD = "gnu++17";
				CLANG_CXX_LIBRARY = "libc++";
				CLANG_ENABLE_MODULES = YES;
				CLANG_ENABLE_OBJC_ARC = YES;
				CLANG_ENABLE_OBJC_WEAK = YES;
				CLANG_WARN_BLOCK_CAPTURE_AUTORELEASING = YES;
				CLANG_WARN_BOOL_CONVERSION = YES;
				CLANG_WARN_COMMA = YES;
				CLANG_WARN_CONSTANT_CONVERSION = YES;
				CLANG_WARN_DEPRECATED_OBJC_IMPLEMENTATIONS = YES;
				CLANG_WARN_DIRECT_OBJC_ISA_USAGE = YES_ERROR;
				CLANG_WARN_DOCUMENTATION_COMMENTS = YES;
				CLANG_WARN_EMPTY_BODY = YES;
				CLANG_WARN_ENUM_CONVERSION = YES;
				CLANG_WARN_INFINITE_RECURSION = YES;
				CLANG_WARN_INT_CONVERSION = YES;
				CLANG_WARN_NON_LITERAL_NULL_CONVERSION = YES;
				CLANG_WARN_OBJC_IMPLICIT_RETAIN_SELF = YES;
				CLANG_WARN_OBJC_LITERAL_CONVERSION = YES;
				CLANG_WARN_OBJC_ROOT_CLASS = YES_ERROR;
				CLANG_WARN_QUOTED_INCLUDE_IN_FRAMEWORK_HEADER = YES;
				CLANG_WARN_RANGE_LOOP_ANALYSIS = YES;
				CLANG_WARN_STRICT_PROTOTYPES = YES;
				CLANG_WARN_SUSPICIOUS_MOVE = YES;
				CLANG_WARN_UNGUARDED_AVAILABILITY = YES_AGGRESSIVE;
				CLANG_WARN_UNREACHABLE_CODE = YES;
				CLANG_WARN__DUPLICATE_METHOD_MATCH = YES;
				COPY_PHASE_STRIP = NO;
				DEBUG_INFORMATION_FORMAT = "dwarf-with-dsym";
				ENABLE_NS_ASSERTIONS = NO;
				ENABLE_STRICT_OBJC_MSGSEND = YES;
				GCC_C_LANGUAGE_STANDARD = gnu11;
				GCC_NO_COMMON_BLOCKS = YES;
				GCC_WARN_64_TO_32_BIT_CONVERSION = YES;
				GCC_WARN_ABOUT_RETURN_TYPE = YES_ERROR;
				GCC_WARN_UNDECLARED_SELECTOR = YES;
				GCC_WARN_UNINITIALIZED_AUTOS = YES_AGGRESSIVE;
				GCC_WARN_UNUSED_FUNCTION = YES;
				GCC_WARN_UNUSED_VARIABLE = YES;
				IPHONEOS_DEPLOYMENT_TARGET = 15.2;
				MTL_ENABLE_DEBUG_INFO = NO;
				MTL_FAST_MATH = YES;
				SDKROOT = iphoneos;
				SWIFT_COMPILATION_MODE = wholemodule;
				SWIFT_OPTIMIZATION_LEVEL = "-O";
				VALIDATE_PRODUCT = YES;
			};
			name = Release;
		};
		DDC2CE842784D5A100927CF2 /* Debug */ = {
			isa = XCBuildConfiguration;
			buildSettings = {
				ASSETCATALOG_COMPILER_APPICON_NAME = AppIcon;
				ASSETCATALOG_COMPILER_GLOBAL_ACCENT_COLOR_NAME = AccentColor;
				CODE_SIGN_STYLE = Automatic;
				CURRENT_PROJECT_VERSION = 1;
				DEVELOPMENT_TEAM = AGJLHCK49T;
				GENERATE_INFOPLIST_FILE = YES;
				INFOPLIST_FILE = TTNews/Info.plist;
				INFOPLIST_KEY_UIApplicationSupportsIndirectInputEvents = YES;
				INFOPLIST_KEY_UILaunchStoryboardName = LaunchScreen;
				INFOPLIST_KEY_UISupportedInterfaceOrientations_iPad = "UIInterfaceOrientationPortrait UIInterfaceOrientationPortraitUpsideDown UIInterfaceOrientationLandscapeLeft UIInterfaceOrientationLandscapeRight";
				INFOPLIST_KEY_UISupportedInterfaceOrientations_iPhone = "UIInterfaceOrientationPortrait UIInterfaceOrientationLandscapeLeft UIInterfaceOrientationLandscapeRight";
				LD_RUNPATH_SEARCH_PATHS = (
					"$(inherited)",
					"@executable_path/Frameworks",
				);
				MARKETING_VERSION = 1.0;
				PRODUCT_BUNDLE_IDENTIFIER = com.mengyuchung.TTNews;
				PRODUCT_NAME = "$(TARGET_NAME)";
				SWIFT_EMIT_LOC_STRINGS = YES;
				SWIFT_VERSION = 5.0;
				TARGETED_DEVICE_FAMILY = "1,2";
			};
			name = Debug;
		};
		DDC2CE852784D5A100927CF2 /* Release */ = {
			isa = XCBuildConfiguration;
			buildSettings = {
				ASSETCATALOG_COMPILER_APPICON_NAME = AppIcon;
				ASSETCATALOG_COMPILER_GLOBAL_ACCENT_COLOR_NAME = AccentColor;
				CODE_SIGN_STYLE = Automatic;
				CURRENT_PROJECT_VERSION = 1;
				DEVELOPMENT_TEAM = AGJLHCK49T;
				GENERATE_INFOPLIST_FILE = YES;
				INFOPLIST_FILE = TTNews/Info.plist;
				INFOPLIST_KEY_UIApplicationSupportsIndirectInputEvents = YES;
				INFOPLIST_KEY_UILaunchStoryboardName = LaunchScreen;
				INFOPLIST_KEY_UISupportedInterfaceOrientations_iPad = "UIInterfaceOrientationPortrait UIInterfaceOrientationPortraitUpsideDown UIInterfaceOrientationLandscapeLeft UIInterfaceOrientationLandscapeRight";
				INFOPLIST_KEY_UISupportedInterfaceOrientations_iPhone = "UIInterfaceOrientationPortrait UIInterfaceOrientationLandscapeLeft UIInterfaceOrientationLandscapeRight";
				LD_RUNPATH_SEARCH_PATHS = (
					"$(inherited)",
					"@executable_path/Frameworks",
				);
				MARKETING_VERSION = 1.0;
				PRODUCT_BUNDLE_IDENTIFIER = com.mengyuchung.TTNews;
				PRODUCT_NAME = "$(TARGET_NAME)";
				SWIFT_EMIT_LOC_STRINGS = YES;
				SWIFT_VERSION = 5.0;
				TARGETED_DEVICE_FAMILY = "1,2";
			};
			name = Release;
		};
/* End XCBuildConfiguration section */

/* Begin XCConfigurationList section */
		DD4D2B192796014D0013CD4F /* Build configuration list for PBXNativeTarget "TTNewsTests" */ = {
			isa = XCConfigurationList;
			buildConfigurations = (
				DD4D2B172796014D0013CD4F /* Debug */,
				DD4D2B182796014D0013CD4F /* Release */,
			);
			defaultConfigurationIsVisible = 0;
			defaultConfigurationName = Release;
		};
		DD4D2B2A2799DD670013CD4F /* Build configuration list for PBXNativeTarget "TTNewsUITests" */ = {
			isa = XCConfigurationList;
			buildConfigurations = (
				DD4D2B2B2799DD670013CD4F /* Debug */,
				DD4D2B2C2799DD670013CD4F /* Release */,
			);
			defaultConfigurationIsVisible = 0;
			defaultConfigurationName = Release;
		};
		DDC2CE6A2784D5A000927CF2 /* Build configuration list for PBXProject "TTNews" */ = {
			isa = XCConfigurationList;
			buildConfigurations = (
				DDC2CE812784D5A100927CF2 /* Debug */,
				DDC2CE822784D5A100927CF2 /* Release */,
			);
			defaultConfigurationIsVisible = 0;
			defaultConfigurationName = Release;
		};
		DDC2CE832784D5A100927CF2 /* Build configuration list for PBXNativeTarget "TTNews" */ = {
			isa = XCConfigurationList;
			buildConfigurations = (
				DDC2CE842784D5A100927CF2 /* Debug */,
				DDC2CE852784D5A100927CF2 /* Release */,
			);
			defaultConfigurationIsVisible = 0;
			defaultConfigurationName = Release;
		};
/* End XCConfigurationList section */
	};
	rootObject = DDC2CE672784D5A000927CF2 /* Project object */;
}
